{
  "name": "hy-music",
  "version": "1.0.0",
  "lockfileVersion": 3,
  "requires": true,
  "packages": {
    "": {
      "name": "hy-music",
      "version": "1.0.0",
      "license": "ISC",
      "dependencies": {
        "@vant/weapp": "^1.10.14",
        "hy-event-store": "^1.2.1"
      }
    },
    "node_modules/@vant/weapp": {
      "version": "1.10.14",
      "resolved": "https://registry.npmmirror.com/@vant/weapp/-/weapp-1.10.14.tgz",
      "integrity": "sha512-5usuhoN1kiOV6pzrdVzHrAux6DupKlGd9w+yYc992Zy1n1wHLZMb1dGM3+xtbNE3tpWE2qv95vIFSMpJRFyE7Q=="
    },
    "node_modules/hy-event-store": {
      "version": "1.2.1",
      "resolved": "https://registry.npmmirror.com/hy-event-store/-/hy-event-store-1.2.1.tgz",
      "integrity": "sha512-viMS7Zj1VmFgkAENrJr0lMV29FWzaSgLg1gTcZ+WJXuPO+SOhehWqALoJIDGms02qG+tO+++VsPkgD0rXlAikA=="
    }
  }
}
